
Microsoft Visual Studio Solution File, Format Version 12.00
# Visual Studio Version 16
VisualStudioVersion = 16.0.30804.86
MinimumVisualStudioVersion = 10.0.40219.1
Project("{FAE04EC0-301F-11D3-BF4B-00C04F79EFBC}") = "BTVN1", "BTVN1\BTVN1.csproj", "{20F0782E-3726-4E93-9DF4-4BBEC1AF1AAA}"
EndProject
Global
	GlobalSection(SolutionConfigurationPlatforms) = preSolution
		Debug|Any CPU = Debug|Any CPU
		Release|Any CPU = Release|Any CPU
	EndGlobalSection
	GlobalSection(ProjectConfigurationPlatforms) = postSolution
		{20F0782E-3726-4E93-9DF4-4BBEC1AF1AAA}.Debug|Any CPU.ActiveCfg = Debug|Any CPU
		{20F0782E-3726-4E93-9DF4-4BBEC1AF1AAA}.Debug|Any CPU.Build.0 = Debug|Any CPU
		{20F0782E-3726-4E93-9DF4-4BBEC1AF1AAA}.Release|Any CPU.ActiveCfg = Release|Any CPU
		{20F0782E-3726-4E93-9DF4-4BBEC1AF1AAA}.Release|Any CPU.Build.0 = Release|Any CPU
	EndGlobalSection
	GlobalSection(SolutionProperties) = preSolution
		HideSolutionNode = FALSE
	EndGlobalSection
	GlobalSection(ExtensibilityGlobals) = postSolution
		SolutionGuid = {EE00A62B-9F26-478B-9175-69D27B8DC71F}
	EndGlobalSection
EndGlobal
